
Microsoft Visual Studio Solution File, Format Version 12.00
# Visual Studio Version 17
VisualStudioVersion = 17.11.35312.102
MinimumVisualStudioVersion = 10.0.40219.1
Project("{FAE04EC0-301F-11D3-BF4B-00C04F79EFBC}") = "OnlineShopWebApp.Server", "OnlineShopWebApp.Server\OnlineShopWebApp.Server.csproj", "{B2EF8CE0-B8F2-4C5A-A612-8BC821EA1121}"
EndProject
Project("{54A90642-561A-4BB1-A94E-469ADEE60C69}") = "onlineshopwebapp.client", "onlineshopwebapp.client\onlineshopwebapp.client.esproj", "{D132836B-07A1-4406-A198-501C26D362CC}"
EndProject
Global
	GlobalSection(SolutionConfigurationPlatforms) = preSolution
		Debug|Any CPU = Debug|Any CPU
		Release|Any CPU = Release|Any CPU
	EndGlobalSection
	GlobalSection(ProjectConfigurationPlatforms) = postSolution
		{B2EF8CE0-B8F2-4C5A-A612-8BC821EA1121}.Debug|Any CPU.ActiveCfg = Debug|Any CPU
		{B2EF8CE0-B8F2-4C5A-A612-8BC821EA1121}.Debug|Any CPU.Build.0 = Debug|Any CPU
		{B2EF8CE0-B8F2-4C5A-A612-8BC821EA1121}.Release|Any CPU.ActiveCfg = Release|Any CPU
		{B2EF8CE0-B8F2-4C5A-A612-8BC821EA1121}.Release|Any CPU.Build.0 = Release|Any CPU
		{D132836B-07A1-4406-A198-501C26D362CC}.Debug|Any CPU.ActiveCfg = Debug|Any CPU
		{D132836B-07A1-4406-A198-501C26D362CC}.Debug|Any CPU.Build.0 = Debug|Any CPU
		{D132836B-07A1-4406-A198-501C26D362CC}.Debug|Any CPU.Deploy.0 = Debug|Any CPU
		{D132836B-07A1-4406-A198-501C26D362CC}.Release|Any CPU.ActiveCfg = Release|Any CPU
		{D132836B-07A1-4406-A198-501C26D362CC}.Release|Any CPU.Build.0 = Release|Any CPU
		{D132836B-07A1-4406-A198-501C26D362CC}.Release|Any CPU.Deploy.0 = Release|Any CPU
	EndGlobalSection
	GlobalSection(SolutionProperties) = preSolution
		HideSolutionNode = FALSE
	EndGlobalSection
	GlobalSection(ExtensibilityGlobals) = postSolution
		SolutionGuid = {D788FF7C-9081-47E8-82C4-E9EE5D1E88B1}
	EndGlobalSection
EndGlobal
